
Microsoft Visual Studio Solution File, Format Version 11.00
# Visual Studio 2010
Project("{FAE04EC0-301F-11D3-BF4B-00C04F79EFBC}") = "Assembly-CSharp", "Assembly-CSharp.csproj", "{D12A7834-FCAA-8718-DC14-0E21D1871B14}"
EndProject
Project("{FAE04EC0-301F-11D3-BF4B-00C04F79EFBC}") = "Assembly-CSharp-Editor", "Assembly-CSharp-Editor.csproj", "{3A3794D3-77A3-7E93-3162-6523742F48DB}"
EndProject
Global
	GlobalSection(SolutionConfigurationPlatforms) = preSolution
		Debug|Any CPU = Debug|Any CPU
		Release|Any CPU = Release|Any CPU
	EndGlobalSection
	GlobalSection(ProjectConfigurationPlatforms) = postSolution
		{D12A7834-FCAA-8718-DC14-0E21D1871B14}.Debug|Any CPU.ActiveCfg = Debug|Any CPU
		{D12A7834-FCAA-8718-DC14-0E21D1871B14}.Debug|Any CPU.Build.0 = Debug|Any CPU
		{D12A7834-FCAA-8718-DC14-0E21D1871B14}.Release|Any CPU.ActiveCfg = Release|Any CPU
		{D12A7834-FCAA-8718-DC14-0E21D1871B14}.Release|Any CPU.Build.0 = Release|Any CPU
		{3A3794D3-77A3-7E93-3162-6523742F48DB}.Debug|Any CPU.ActiveCfg = Debug|Any CPU
		{3A3794D3-77A3-7E93-3162-6523742F48DB}.Debug|Any CPU.Build.0 = Debug|Any CPU
		{3A3794D3-77A3-7E93-3162-6523742F48DB}.Release|Any CPU.ActiveCfg = Release|Any CPU
		{3A3794D3-77A3-7E93-3162-6523742F48DB}.Release|Any CPU.Build.0 = Release|Any CPU
	EndGlobalSection
	GlobalSection(SolutionProperties) = preSolution
		HideSolutionNode = FALSE
	EndGlobalSection
EndGlobal
